
Microsoft Visual Studio Solution File, Format Version 12.00
# Visual Studio Version 16
VisualStudioVersion = 16.0.32413.511
MinimumVisualStudioVersion = 10.0.40219.1
Project("{FAE04EC0-301F-11D3-BF4B-00C04F79EFBC}") = "Ex_001", "Ex_001\Ex_001.csproj", "{BC7B87CD-BC60-496C-AF88-775214B5791C}"
EndProject
Global
	GlobalSection(SolutionConfigurationPlatforms) = preSolution
		Debug|Any CPU = Debug|Any CPU
		Release|Any CPU = Release|Any CPU
	EndGlobalSection
	GlobalSection(ProjectConfigurationPlatforms) = postSolution
		{BC7B87CD-BC60-496C-AF88-775214B5791C}.Debug|Any CPU.ActiveCfg = Debug|Any CPU
		{BC7B87CD-BC60-496C-AF88-775214B5791C}.Debug|Any CPU.Build.0 = Debug|Any CPU
		{BC7B87CD-BC60-496C-AF88-775214B5791C}.Release|Any CPU.ActiveCfg = Release|Any CPU
		{BC7B87CD-BC60-496C-AF88-775214B5791C}.Release|Any CPU.Build.0 = Release|Any CPU
	EndGlobalSection
	GlobalSection(SolutionProperties) = preSolution
		HideSolutionNode = FALSE
	EndGlobalSection
	GlobalSection(ExtensibilityGlobals) = postSolution
		SolutionGuid = {27683F20-742E-4D99-939B-E5BA42C12EB9}
	EndGlobalSection
EndGlobal
